
Microsoft Visual Studio Solution File, Format Version 12.00
# Visual Studio Version 17
VisualStudioVersion = 17.11.35219.272
MinimumVisualStudioVersion = 10.0.40219.1
Project("{FAE04EC0-301F-11D3-BF4B-00C04F79EFBC}") = "WebApi_Video", "WebApi_Video\WebApi_Video.csproj", "{6FCB60C9-2919-4A37-9F67-9A0B22708730}"
EndProject
Global
	GlobalSection(SolutionConfigurationPlatforms) = preSolution
		Debug|Any CPU = Debug|Any CPU
		Release|Any CPU = Release|Any CPU
	EndGlobalSection
	GlobalSection(ProjectConfigurationPlatforms) = postSolution
		{6FCB60C9-2919-4A37-9F67-9A0B22708730}.Debug|Any CPU.ActiveCfg = Debug|Any CPU
		{6FCB60C9-2919-4A37-9F67-9A0B22708730}.Debug|Any CPU.Build.0 = Debug|Any CPU
		{6FCB60C9-2919-4A37-9F67-9A0B22708730}.Release|Any CPU.ActiveCfg = Release|Any CPU
		{6FCB60C9-2919-4A37-9F67-9A0B22708730}.Release|Any CPU.Build.0 = Release|Any CPU
	EndGlobalSection
	GlobalSection(SolutionProperties) = preSolution
		HideSolutionNode = FALSE
	EndGlobalSection
	GlobalSection(ExtensibilityGlobals) = postSolution
		SolutionGuid = {5B8C3159-1729-4135-8BFC-6537BBB093CE}
	EndGlobalSection
EndGlobal
